<?xml version="1.0" encoding="utf-8"?>
<Project ToolsVersion="4.0" xmlns="http://schemas.microsoft.com/developer/msbuild/2003">
  <ItemGroup>
    <Filter Include="Source Files">
      <UniqueIdentifier>{4FC737F1-C7A5-4376-A066-2A32D752A2FF}</UniqueIdentifier>
      <Extensions>cpp;c;cc;cxx;def;odl;idl;hpj;bat;asm;asmx</Extensions>
    </Filter>
    <Filter Include="Header Files">
      <UniqueIdentifier>{93995380-89BD-4b04-88EB-625FBE52EBFB}</UniqueIdentifier>
      <Extensions>h;hh;hpp;hxx;hm;inl;inc;ipp;xsd</Extensions>
    </Filter>
    <Filter Include="Resource Files">
      <UniqueIdentifier>{67DA6AB6-F800-4c08-8B7A-83BB121AAD01}</UniqueIdentifier>
      <Extensions>rc;ico;cur;bmp;dlg;rc2;rct;bin;rgs;gif;jpg;jpeg;jpe;resx;tiff;tif;png;wav;mfcribbon-ms</Extensions>
    </Filter>
    <Filter Include="Source Files\Component">
      <UniqueIdentifier>{329b34b5-b524-4039-b25c-1f00ae71fd0b}</UniqueIdentifier>
    </Filter>
    <Filter Include="Header Files\Component">
      <UniqueIdentifier>{e504b622-7afe-451b-bf57-ff158b5fad5b}</UniqueIdentifier>
    </Filter>
    <Filter Include="Header Files\GameState">
      <UniqueIdentifier>{d78b87f7-e3cf-4005-9017-8bb268ac3527}</UniqueIdentifier>
    </Filter>
    <Filter Include="Source Files\GameState">
      <UniqueIdentifier>{8f8eed38-dd38-4c7b-8279-7f2a808a9980}</UniqueIdentifier>
    </Filter>
    <Filter Include="Resource Files\Map">
      <UniqueIdentifier>{d6f00c25-f613-4021-aa4d-75ce2fa224c3}</UniqueIdentifier>
    </Filter>
    <Filter Include="Resource Files\Unit">
      <UniqueIdentifier>{ec43e417-cbcc-40c4-b391-01a4da0eed3a}</UniqueIdentifier>
    </Filter>
    <Filter Include="Resource Files\Game">
      <UniqueIdentifier>{964badcd-52b3-443e-afe9-46dfb19bcf20}</UniqueIdentifier>
    </Filter>
    <Filter Include="Header Files\Mechanics">
      <UniqueIdentifier>{eb151b86-6e73-459d-b27d-500ed76828ab}</UniqueIdentifier>
    </Filter>
    <Filter Include="Source Files\Mechanics">
      <UniqueIdentifier>{012fdbe4-7bf6-464b-baf8-bad908889bdc}</UniqueIdentifier>
    </Filter>
    <Filter Include="Resource Files\Data">
      <UniqueIdentifier>{0c27fde1-e419-46cd-83fe-2a02492dfd24}</UniqueIdentifier>
    </Filter>
  </ItemGroup>
  <ItemGroup>
    <ClCompile Include="Code\Main.cpp">
      <Filter>Source Files</Filter>
    </ClCompile>
    <ClCompile Include="Code\Component\G_Windows.cpp">
      <Filter>Source Files\Component</Filter>
    </ClCompile>
    <ClCompile Include="Code\Component\Graphic.cpp">
      <Filter>Source Files\Component</Filter>
    </ClCompile>
    <ClCompile Include="Code\Component\DInput.cpp">
      <Filter>Source Files\Component</Filter>
    </ClCompile>
    <ClCompile Include="Code\Component\G_Timer.cpp">
      <Filter>Source Files\Component</Filter>
    </ClCompile>
    <ClCompile Include="Code\Component\GameStateManager.cpp">
      <Filter>Source Files\Component</Filter>
    </ClCompile>
    <ClCompile Include="Code\GameState\Level.cpp">
      <Filter>Source Files\GameState</Filter>
    </ClCompile>
    <ClCompile Include="Code\Component\DataCenter.cpp">
      <Filter>Source Files\Component</Filter>
    </ClCompile>
    <ClCompile Include="Code\Mechanics\Map.h">
      <Filter>Header Files\Mechanics</Filter>
    </ClCompile>
    <ClCompile Include="Code\Mechanics\Map.cpp">
      <Filter>Source Files\Mechanics</Filter>
    </ClCompile>
  </ItemGroup>
  <ItemGroup>
    <ClInclude Include="Code\resource.h">
      <Filter>Header Files</Filter>
    </ClInclude>
    <ClInclude Include="Code\Component\G_Windows.h">
      <Filter>Header Files\Component</Filter>
    </ClInclude>
    <ClInclude Include="Code\Component\Graphic.h">
      <Filter>Header Files\Component</Filter>
    </ClInclude>
    <ClInclude Include="Code\Component\DInput.h">
      <Filter>Header Files\Component</Filter>
    </ClInclude>
    <ClInclude Include="Code\Component\G_Timer.h">
      <Filter>Header Files\Component</Filter>
    </ClInclude>
    <ClInclude Include="Code\GameState\GameState.h">
      <Filter>Header Files\GameState</Filter>
    </ClInclude>
    <ClInclude Include="Code\Component\GameStateManager.h">
      <Filter>Header Files\Component</Filter>
    </ClInclude>
    <ClInclude Include="Code\GameState\Level.h">
      <Filter>Header Files\GameState</Filter>
    </ClInclude>
    <ClInclude Include="Code\Component\DataCenter.h">
      <Filter>Header Files\Component</Filter>
    </ClInclude>
  </ItemGroup>
  <ItemGroup>
    <Image Include="Resource\Icon.ico">
      <Filter>Resource Files\Game</Filter>
    </Image>
  </ItemGroup>
  <ItemGroup>
    <ResourceCompile Include="Strategy_Game_Dev.rc">
      <Filter>Resource Files\Game</Filter>
    </ResourceCompile>
  </ItemGroup>
  <ItemGroup>
    <Text Include="Data\OriginMap.txt">
      <Filter>Resource Files\Data</Filter>
    </Text>
  </ItemGroup>
</Project>